
Microsoft Visual Studio Solution File, Format Version 12.00
# Visual Studio Version 17
VisualStudioVersion = 17.0.31903.59
MinimumVisualStudioVersion = 10.0.40219.1
Project("{FAE04EC0-301F-11D3-BF4B-00C04F79EFBC}") = "Soup.Api", "Soup.Api\Soup.Api.csproj", "{817C505A-CA61-4BA6-8DE7-96A6BD93D034}"
EndProject
Project("{FAE04EC0-301F-11D3-BF4B-00C04F79EFBC}") = "Soup.UnitTests", "Soup.UnitTests\Soup.UnitTests.csproj", "{9476C625-0031-4C6A-8511-FF2D599B0384}"
EndProject
Project("{2150E333-8FDC-42A3-9474-1A3956D46DE8}") = "Meta", "Meta", "{FA059FC7-8579-4A91-9AF6-65EB7A14CBCB}"
	ProjectSection(SolutionItems) = preProject
		..\.gitignore = ..\.gitignore
		..\README.md = ..\README.md
	EndProjectSection
EndProject
Global
	GlobalSection(SolutionConfigurationPlatforms) = preSolution
		Debug|Any CPU = Debug|Any CPU
		Release|Any CPU = Release|Any CPU
	EndGlobalSection
	GlobalSection(SolutionProperties) = preSolution
		HideSolutionNode = FALSE
	EndGlobalSection
	GlobalSection(ProjectConfigurationPlatforms) = postSolution
		{817C505A-CA61-4BA6-8DE7-96A6BD93D034}.Debug|Any CPU.ActiveCfg = Debug|Any CPU
		{817C505A-CA61-4BA6-8DE7-96A6BD93D034}.Debug|Any CPU.Build.0 = Debug|Any CPU
		{817C505A-CA61-4BA6-8DE7-96A6BD93D034}.Release|Any CPU.ActiveCfg = Release|Any CPU
		{817C505A-CA61-4BA6-8DE7-96A6BD93D034}.Release|Any CPU.Build.0 = Release|Any CPU
		{9476C625-0031-4C6A-8511-FF2D599B0384}.Debug|Any CPU.ActiveCfg = Debug|Any CPU
		{9476C625-0031-4C6A-8511-FF2D599B0384}.Debug|Any CPU.Build.0 = Debug|Any CPU
		{9476C625-0031-4C6A-8511-FF2D599B0384}.Release|Any CPU.ActiveCfg = Release|Any CPU
		{9476C625-0031-4C6A-8511-FF2D599B0384}.Release|Any CPU.Build.0 = Release|Any CPU
	EndGlobalSection
EndGlobal
